
Microsoft Visual Studio Solution File, Format Version 12.00
# Visual Studio Version 17
VisualStudioVersion = 17.11.35312.102
MinimumVisualStudioVersion = 10.0.40219.1
Project("{2150E333-8FDC-42A3-9474-1A3956D46DE8}") = "Task0", "Task0", "{D73C6515-6802-4B42-86AD-EF4D7C4A960E}"
EndProject
Project("{9A19103F-16F7-4668-BE54-9A1E7A4F7556}") = "Tyuiu.SosninFM.Sprint4.Task0.V11.Lib", "Tyuiu.SosninFM.Sprint4.Task0.V11.Lib\Tyuiu.SosninFM.Sprint4.Task0.V11.Lib.csproj", "{B5BF57A8-89C5-43D9-A110-4485B365C58E}"
EndProject
Project("{9A19103F-16F7-4668-BE54-9A1E7A4F7556}") = "Tyuiu.SosninFM.Sprint4.Task0.V11.Test", "Tyuiu.SosninFM.Sprint4.Task0.V11.Test\Tyuiu.SosninFM.Sprint4.Task0.V11.Test.csproj", "{917951A5-74F9-4026-A879-EF016B8EE445}"
EndProject
Project("{9A19103F-16F7-4668-BE54-9A1E7A4F7556}") = "Tyuiu.SosninFM.Sprint4.Task0.V11", "Tyuiu.SosninFM.Sprint4.Task0.V11\Tyuiu.SosninFM.Sprint4.Task0.V11.csproj", "{56B20E91-2FD4-4BC9-B038-6F651CF744BF}"
EndProject
Project("{2150E333-8FDC-42A3-9474-1A3956D46DE8}") = "Task1", "Task1", "{6BF2A794-929E-42DD-AD69-6A57F0076714}"
EndProject
Project("{9A19103F-16F7-4668-BE54-9A1E7A4F7556}") = "Tyuiu.SosninFM.Sprint4.Task1.V8", "Tyuiu.SosninFM.Sprint4.Task1.V8\Tyuiu.SosninFM.Sprint4.Task1.V8.csproj", "{C99600F3-4215-4803-B058-851CF5B623D0}"
EndProject
Project("{9A19103F-16F7-4668-BE54-9A1E7A4F7556}") = "Tyuiu.SosninFM.Sprint4.Task1.V8.Test", "Tyuiu.SosninFM.Sprint4.Task1.V8.Test\Tyuiu.SosninFM.Sprint4.Task1.V8.Test.csproj", "{F8C988DC-0BEA-461B-908E-C14C5247E5E2}"
EndProject
Project("{9A19103F-16F7-4668-BE54-9A1E7A4F7556}") = "Tyuiu.SosninFM.Sprint4.Task1.V8.Lib", "Tyuiu.SosninFM.Sprint4.Task1.V8.Lib\Tyuiu.SosninFM.Sprint4.Task1.V8.Lib.csproj", "{EAD45698-C2F6-44D6-B55D-0A38F44A66BC}"
EndProject
Project("{2150E333-8FDC-42A3-9474-1A3956D46DE8}") = "Task2", "Task2", "{78BC6EAA-3F8B-4A4B-8D93-58FB62C7A028}"
EndProject
Project("{9A19103F-16F7-4668-BE54-9A1E7A4F7556}") = "Tyuiu.SosninFM.Sprint4.Task2.V29.Lib", "Tyuiu.SosninFM.Sprint4.Task2.V29.Lib\Tyuiu.SosninFM.Sprint4.Task2.V29.Lib.csproj", "{F3CF90BA-FE0F-4C5A-A6E5-34BEF61FA370}"
EndProject
Project("{9A19103F-16F7-4668-BE54-9A1E7A4F7556}") = "Tyuiu.SosninFM.Sprint4.Task2.V29.Test", "Tyuiu.SosninFM.Sprint4.Task2.V29.Test\Tyuiu.SosninFM.Sprint4.Task2.V29.Test.csproj", "{40D0EDE3-83F8-46AC-B9B6-D69B50999FB9}"
EndProject
Project("{9A19103F-16F7-4668-BE54-9A1E7A4F7556}") = "Tyuiu.SosninFM.Sprint4.Task2.V29", "Tyuiu.SosninFM.Sprint4.Task2.V29\Tyuiu.SosninFM.Sprint4.Task2.V29.csproj", "{E85399E0-41B4-4DE4-91F7-9CF01631A1E1}"
EndProject
Project("{2150E333-8FDC-42A3-9474-1A3956D46DE8}") = "Task3", "Task3", "{1A06582B-24E3-4056-B102-EDA0AB84C25E}"
EndProject
Project("{9A19103F-16F7-4668-BE54-9A1E7A4F7556}") = "Tyuiu.SosninFM.Sprint4.Task3.V9", "Tyuiu.SosninFM.Sprint4.Task3.V9\Tyuiu.SosninFM.Sprint4.Task3.V9.csproj", "{67C9D0A6-49ED-4B85-9468-B1A321EA9293}"
EndProject
Project("{9A19103F-16F7-4668-BE54-9A1E7A4F7556}") = "Tyuiu.SosninFM.Sprint4.Task3.V9.Test", "Tyuiu.SosninFM.Sprint4.Task3.V9.Test\Tyuiu.SosninFM.Sprint4.Task3.V9.Test.csproj", "{2CFE4F2F-D956-4F77-83EC-584F1AE74E56}"
EndProject
Project("{9A19103F-16F7-4668-BE54-9A1E7A4F7556}") = "Tyuiu.SosninFM.Sprint4.Task3.V9.Lib", "Tyuiu.SosninFM.Sprint4.Task3.V9.Lib\Tyuiu.SosninFM.Sprint4.Task3.V9.Lib.csproj", "{68BBE0C0-A09F-4CAE-AE55-156853606743}"
EndProject
Project("{2150E333-8FDC-42A3-9474-1A3956D46DE8}") = "Task4", "Task4", "{739F7E9D-76EC-4FF6-93B7-24C743770994}"
EndProject
Project("{9A19103F-16F7-4668-BE54-9A1E7A4F7556}") = "Tyuiu.SosninFM.Sprint4.Task4.V14.Lib", "Tyuiu.SosninFM.Sprint4.Task4.V14.Lib\Tyuiu.SosninFM.Sprint4.Task4.V14.Lib.csproj", "{E261E95C-6DB2-4499-8AE1-D9077D18C61C}"
EndProject
Project("{9A19103F-16F7-4668-BE54-9A1E7A4F7556}") = "Tyuiu.SosninFM.Sprint4.Task4.V14.Test", "Tyuiu.SosninFM.Sprint4.Task4.V14.Test\Tyuiu.SosninFM.Sprint4.Task4.V14.Test.csproj", "{E84EED56-1850-439F-966A-6F289950B32B}"
EndProject
Project("{9A19103F-16F7-4668-BE54-9A1E7A4F7556}") = "Tyuiu.SosninFM.Sprint4.Task4.V14", "Tyuiu.SosninFM.Sprint4.Task4.V14\Tyuiu.SosninFM.Sprint4.Task4.V14.csproj", "{046A24D1-05AB-44EA-918B-953EFA7540BB}"
EndProject
Project("{2150E333-8FDC-42A3-9474-1A3956D46DE8}") = "Task5", "Task5", "{92DDA047-828B-47A7-9861-5A33E13D01A2}"
EndProject
Project("{9A19103F-16F7-4668-BE54-9A1E7A4F7556}") = "Tyuiu.SosninFM.Sprint4.Task5.V25", "Tyuiu.SosninFM.Sprint4.Task5.V25\Tyuiu.SosninFM.Sprint4.Task5.V25.csproj", "{59A4650B-3157-49EF-90E1-8BEAD861E664}"
EndProject
Project("{9A19103F-16F7-4668-BE54-9A1E7A4F7556}") = "Tyuiu.SosninFM.Sprint4.Task5.V25.Test", "Tyuiu.SosninFM.Sprint4.Task5.V25.Test\Tyuiu.SosninFM.Sprint4.Task5.V25.Test.csproj", "{4F445713-A9E7-46BD-906E-2E71EA6DF872}"
EndProject
Project("{9A19103F-16F7-4668-BE54-9A1E7A4F7556}") = "Tyuiu.SosninFM.Sprint4.Task5.V25.Lib", "Tyuiu.SosninFM.Sprint4.Task5.V25.Lib\Tyuiu.SosninFM.Sprint4.Task5.V25.Lib.csproj", "{DA3D6442-7F8C-47B0-911F-EFABF9DB6780}"
EndProject
Project("{2150E333-8FDC-42A3-9474-1A3956D46DE8}") = "Task6", "Task6", "{71956540-8C81-4DD8-91DB-468E93B0D821}"
EndProject
Project("{9A19103F-16F7-4668-BE54-9A1E7A4F7556}") = "Tyuiu.SosninFM.Sprint4.Task6.V4", "Tyuiu.SosninFM.Sprint4.Task6.V4\Tyuiu.SosninFM.Sprint4.Task6.V4.csproj", "{3E61BABB-5943-4536-B972-5FF3C6A711CB}"
EndProject
Project("{9A19103F-16F7-4668-BE54-9A1E7A4F7556}") = "Tyuiu.SosninFM.Sprint4.Task6.V4.Lib", "Tyuiu.SosninFM.Sprint4.Task6.V4.Lib\Tyuiu.SosninFM.Sprint4.Task6.V4.Lib.csproj", "{9AEDA1A7-9D1B-41B6-9A99-126781B44650}"
EndProject
Project("{9A19103F-16F7-4668-BE54-9A1E7A4F7556}") = "Tyuiu.SosninFM.Sprint4.Task6.V4.Test", "Tyuiu.SosninFM.Sprint4.Task6.V4.Test\Tyuiu.SosninFM.Sprint4.Task6.V4.Test.csproj", "{2FF3DE6F-59DD-4DF6-BE0A-C5C64FBC4232}"
EndProject
Project("{2150E333-8FDC-42A3-9474-1A3956D46DE8}") = "Task7", "Task7", "{A8C684D7-BEAD-40D6-B1D1-BFDEACD73061}"
EndProject
Project("{FAE04EC0-301F-11D3-BF4B-00C04F79EFBC}") = "Tyuiu.SosninFM.Sprint4.Task7.V26", "Tyuiu.SosninFM.Sprint4.Task7.V26\Tyuiu.SosninFM.Sprint4.Task7.V26.csproj", "{C2EE088E-0397-4783-A849-92B7A8A6C541}"
EndProject
Project("{FAE04EC0-301F-11D3-BF4B-00C04F79EFBC}") = "Tyuiu.SosninFM.Sprint4.Task7.V26.Lib", "Tyuiu.SosninFM.Sprint4.Task7.V26.Lib\Tyuiu.SosninFM.Sprint4.Task7.V26.Lib.csproj", "{B1E3B916-3343-48D6-8D65-2AB889DF44BD}"
EndProject
Project("{FAE04EC0-301F-11D3-BF4B-00C04F79EFBC}") = "Tyuiu.SosninFM.Sprint4.Task7.V26.Test", "Tyuiu.SosninFM.Sprint4.Task7.V26.Test\Tyuiu.SosninFM.Sprint4.Task7.V26.Test.csproj", "{56146818-786B-4756-8FA6-C6B0F8D54235}"
EndProject
Global
	GlobalSection(SolutionConfigurationPlatforms) = preSolution
		Debug|Any CPU = Debug|Any CPU
		Release|Any CPU = Release|Any CPU
	EndGlobalSection
	GlobalSection(ProjectConfigurationPlatforms) = postSolution
		{B5BF57A8-89C5-43D9-A110-4485B365C58E}.Debug|Any CPU.ActiveCfg = Debug|Any CPU
		{B5BF57A8-89C5-43D9-A110-4485B365C58E}.Debug|Any CPU.Build.0 = Debug|Any CPU
		{B5BF57A8-89C5-43D9-A110-4485B365C58E}.Release|Any CPU.ActiveCfg = Release|Any CPU
		{B5BF57A8-89C5-43D9-A110-4485B365C58E}.Release|Any CPU.Build.0 = Release|Any CPU
		{917951A5-74F9-4026-A879-EF016B8EE445}.Debug|Any CPU.ActiveCfg = Debug|Any CPU
		{917951A5-74F9-4026-A879-EF016B8EE445}.Debug|Any CPU.Build.0 = Debug|Any CPU
		{917951A5-74F9-4026-A879-EF016B8EE445}.Release|Any CPU.ActiveCfg = Release|Any CPU
		{917951A5-74F9-4026-A879-EF016B8EE445}.Release|Any CPU.Build.0 = Release|Any CPU
		{56B20E91-2FD4-4BC9-B038-6F651CF744BF}.Debug|Any CPU.ActiveCfg = Debug|Any CPU
		{56B20E91-2FD4-4BC9-B038-6F651CF744BF}.Debug|Any CPU.Build.0 = Debug|Any CPU
		{56B20E91-2FD4-4BC9-B038-6F651CF744BF}.Release|Any CPU.ActiveCfg = Release|Any CPU
		{56B20E91-2FD4-4BC9-B038-6F651CF744BF}.Release|Any CPU.Build.0 = Release|Any CPU
		{C99600F3-4215-4803-B058-851CF5B623D0}.Debug|Any CPU.ActiveCfg = Debug|Any CPU
		{C99600F3-4215-4803-B058-851CF5B623D0}.Debug|Any CPU.Build.0 = Debug|Any CPU
		{C99600F3-4215-4803-B058-851CF5B623D0}.Release|Any CPU.ActiveCfg = Release|Any CPU
		{C99600F3-4215-4803-B058-851CF5B623D0}.Release|Any CPU.Build.0 = Release|Any CPU
		{F8C988DC-0BEA-461B-908E-C14C5247E5E2}.Debug|Any CPU.ActiveCfg = Debug|Any CPU
		{F8C988DC-0BEA-461B-908E-C14C5247E5E2}.Debug|Any CPU.Build.0 = Debug|Any CPU
		{F8C988DC-0BEA-461B-908E-C14C5247E5E2}.Release|Any CPU.ActiveCfg = Release|Any CPU
		{F8C988DC-0BEA-461B-908E-C14C5247E5E2}.Release|Any CPU.Build.0 = Release|Any CPU
		{EAD45698-C2F6-44D6-B55D-0A38F44A66BC}.Debug|Any CPU.ActiveCfg = Debug|Any CPU
		{EAD45698-C2F6-44D6-B55D-0A38F44A66BC}.Debug|Any CPU.Build.0 = Debug|Any CPU
		{EAD45698-C2F6-44D6-B55D-0A38F44A66BC}.Release|Any CPU.ActiveCfg = Release|Any CPU
		{EAD45698-C2F6-44D6-B55D-0A38F44A66BC}.Release|Any CPU.Build.0 = Release|Any CPU
		{F3CF90BA-FE0F-4C5A-A6E5-34BEF61FA370}.Debug|Any CPU.ActiveCfg = Debug|Any CPU
		{F3CF90BA-FE0F-4C5A-A6E5-34BEF61FA370}.Debug|Any CPU.Build.0 = Debug|Any CPU
		{F3CF90BA-FE0F-4C5A-A6E5-34BEF61FA370}.Release|Any CPU.ActiveCfg = Release|Any CPU
		{F3CF90BA-FE0F-4C5A-A6E5-34BEF61FA370}.Release|Any CPU.Build.0 = Release|Any CPU
		{40D0EDE3-83F8-46AC-B9B6-D69B50999FB9}.Debug|Any CPU.ActiveCfg = Debug|Any CPU
		{40D0EDE3-83F8-46AC-B9B6-D69B50999FB9}.Debug|Any CPU.Build.0 = Debug|Any CPU
		{40D0EDE3-83F8-46AC-B9B6-D69B50999FB9}.Release|Any CPU.ActiveCfg = Release|Any CPU
		{40D0EDE3-83F8-46AC-B9B6-D69B50999FB9}.Release|Any CPU.Build.0 = Release|Any CPU
		{E85399E0-41B4-4DE4-91F7-9CF01631A1E1}.Debug|Any CPU.ActiveCfg = Debug|Any CPU
		{E85399E0-41B4-4DE4-91F7-9CF01631A1E1}.Debug|Any CPU.Build.0 = Debug|Any CPU
		{E85399E0-41B4-4DE4-91F7-9CF01631A1E1}.Release|Any CPU.ActiveCfg = Release|Any CPU
		{E85399E0-41B4-4DE4-91F7-9CF01631A1E1}.Release|Any CPU.Build.0 = Release|Any CPU
		{67C9D0A6-49ED-4B85-9468-B1A321EA9293}.Debug|Any CPU.ActiveCfg = Debug|Any CPU
		{67C9D0A6-49ED-4B85-9468-B1A321EA9293}.Debug|Any CPU.Build.0 = Debug|Any CPU
		{67C9D0A6-49ED-4B85-9468-B1A321EA9293}.Release|Any CPU.ActiveCfg = Release|Any CPU
		{67C9D0A6-49ED-4B85-9468-B1A321EA9293}.Release|Any CPU.Build.0 = Release|Any CPU
		{2CFE4F2F-D956-4F77-83EC-584F1AE74E56}.Debug|Any CPU.ActiveCfg = Debug|Any CPU
		{2CFE4F2F-D956-4F77-83EC-584F1AE74E56}.Debug|Any CPU.Build.0 = Debug|Any CPU
		{2CFE4F2F-D956-4F77-83EC-584F1AE74E56}.Release|Any CPU.ActiveCfg = Release|Any CPU
		{2CFE4F2F-D956-4F77-83EC-584F1AE74E56}.Release|Any CPU.Build.0 = Release|Any CPU
		{68BBE0C0-A09F-4CAE-AE55-156853606743}.Debug|Any CPU.ActiveCfg = Debug|Any CPU
		{68BBE0C0-A09F-4CAE-AE55-156853606743}.Debug|Any CPU.Build.0 = Debug|Any CPU
		{68BBE0C0-A09F-4CAE-AE55-156853606743}.Release|Any CPU.ActiveCfg = Release|Any CPU
		{68BBE0C0-A09F-4CAE-AE55-156853606743}.Release|Any CPU.Build.0 = Release|Any CPU
		{E261E95C-6DB2-4499-8AE1-D9077D18C61C}.Debug|Any CPU.ActiveCfg = Debug|Any CPU
		{E261E95C-6DB2-4499-8AE1-D9077D18C61C}.Debug|Any CPU.Build.0 = Debug|Any CPU
		{E261E95C-6DB2-4499-8AE1-D9077D18C61C}.Release|Any CPU.ActiveCfg = Release|Any CPU
		{E261E95C-6DB2-4499-8AE1-D9077D18C61C}.Release|Any CPU.Build.0 = Release|Any CPU
		{E84EED56-1850-439F-966A-6F289950B32B}.Debug|Any CPU.ActiveCfg = Debug|Any CPU
		{E84EED56-1850-439F-966A-6F289950B32B}.Debug|Any CPU.Build.0 = Debug|Any CPU
		{E84EED56-1850-439F-966A-6F289950B32B}.Release|Any CPU.ActiveCfg = Release|Any CPU
		{E84EED56-1850-439F-966A-6F289950B32B}.Release|Any CPU.Build.0 = Release|Any CPU
		{046A24D1-05AB-44EA-918B-953EFA7540BB}.Debug|Any CPU.ActiveCfg = Debug|Any CPU
		{046A24D1-05AB-44EA-918B-953EFA7540BB}.Debug|Any CPU.Build.0 = Debug|Any CPU
		{046A24D1-05AB-44EA-918B-953EFA7540BB}.Release|Any CPU.ActiveCfg = Release|Any CPU
		{046A24D1-05AB-44EA-918B-953EFA7540BB}.Release|Any CPU.Build.0 = Release|Any CPU
		{59A4650B-3157-49EF-90E1-8BEAD861E664}.Debug|Any CPU.ActiveCfg = Debug|Any CPU
		{59A4650B-3157-49EF-90E1-8BEAD861E664}.Debug|Any CPU.Build.0 = Debug|Any CPU
		{59A4650B-3157-49EF-90E1-8BEAD861E664}.Release|Any CPU.ActiveCfg = Release|Any CPU
		{59A4650B-3157-49EF-90E1-8BEAD861E664}.Release|Any CPU.Build.0 = Release|Any CPU
		{4F445713-A9E7-46BD-906E-2E71EA6DF872}.Debug|Any CPU.ActiveCfg = Debug|Any CPU
		{4F445713-A9E7-46BD-906E-2E71EA6DF872}.Debug|Any CPU.Build.0 = Debug|Any CPU
		{4F445713-A9E7-46BD-906E-2E71EA6DF872}.Release|Any CPU.ActiveCfg = Release|Any CPU
		{4F445713-A9E7-46BD-906E-2E71EA6DF872}.Release|Any CPU.Build.0 = Release|Any CPU
		{DA3D6442-7F8C-47B0-911F-EFABF9DB6780}.Debug|Any CPU.ActiveCfg = Debug|Any CPU
		{DA3D6442-7F8C-47B0-911F-EFABF9DB6780}.Debug|Any CPU.Build.0 = Debug|Any CPU
		{DA3D6442-7F8C-47B0-911F-EFABF9DB6780}.Release|Any CPU.ActiveCfg = Release|Any CPU
		{DA3D6442-7F8C-47B0-911F-EFABF9DB6780}.Release|Any CPU.Build.0 = Release|Any CPU
		{3E61BABB-5943-4536-B972-5FF3C6A711CB}.Debug|Any CPU.ActiveCfg = Debug|Any CPU
		{3E61BABB-5943-4536-B972-5FF3C6A711CB}.Debug|Any CPU.Build.0 = Debug|Any CPU
		{3E61BABB-5943-4536-B972-5FF3C6A711CB}.Release|Any CPU.ActiveCfg = Release|Any CPU
		{3E61BABB-5943-4536-B972-5FF3C6A711CB}.Release|Any CPU.Build.0 = Release|Any CPU
		{9AEDA1A7-9D1B-41B6-9A99-126781B44650}.Debug|Any CPU.ActiveCfg = Debug|Any CPU
		{9AEDA1A7-9D1B-41B6-9A99-126781B44650}.Debug|Any CPU.Build.0 = Debug|Any CPU
		{9AEDA1A7-9D1B-41B6-9A99-126781B44650}.Release|Any CPU.ActiveCfg = Release|Any CPU
		{9AEDA1A7-9D1B-41B6-9A99-126781B44650}.Release|Any CPU.Build.0 = Release|Any CPU
		{2FF3DE6F-59DD-4DF6-BE0A-C5C64FBC4232}.Debug|Any CPU.ActiveCfg = Debug|Any CPU
		{2FF3DE6F-59DD-4DF6-BE0A-C5C64FBC4232}.Debug|Any CPU.Build.0 = Debug|Any CPU
		{2FF3DE6F-59DD-4DF6-BE0A-C5C64FBC4232}.Release|Any CPU.ActiveCfg = Release|Any CPU
		{2FF3DE6F-59DD-4DF6-BE0A-C5C64FBC4232}.Release|Any CPU.Build.0 = Release|Any CPU
		{C2EE088E-0397-4783-A849-92B7A8A6C541}.Debug|Any CPU.ActiveCfg = Debug|Any CPU
		{C2EE088E-0397-4783-A849-92B7A8A6C541}.Debug|Any CPU.Build.0 = Debug|Any CPU
		{C2EE088E-0397-4783-A849-92B7A8A6C541}.Release|Any CPU.ActiveCfg = Release|Any CPU
		{C2EE088E-0397-4783-A849-92B7A8A6C541}.Release|Any CPU.Build.0 = Release|Any CPU
		{B1E3B916-3343-48D6-8D65-2AB889DF44BD}.Debug|Any CPU.ActiveCfg = Debug|Any CPU
		{B1E3B916-3343-48D6-8D65-2AB889DF44BD}.Debug|Any CPU.Build.0 = Debug|Any CPU
		{B1E3B916-3343-48D6-8D65-2AB889DF44BD}.Release|Any CPU.ActiveCfg = Release|Any CPU
		{B1E3B916-3343-48D6-8D65-2AB889DF44BD}.Release|Any CPU.Build.0 = Release|Any CPU
		{56146818-786B-4756-8FA6-C6B0F8D54235}.Debug|Any CPU.ActiveCfg = Debug|Any CPU
		{56146818-786B-4756-8FA6-C6B0F8D54235}.Debug|Any CPU.Build.0 = Debug|Any CPU
		{56146818-786B-4756-8FA6-C6B0F8D54235}.Release|Any CPU.ActiveCfg = Release|Any CPU
		{56146818-786B-4756-8FA6-C6B0F8D54235}.Release|Any CPU.Build.0 = Release|Any CPU
	EndGlobalSection
	GlobalSection(SolutionProperties) = preSolution
		HideSolutionNode = FALSE
	EndGlobalSection
	GlobalSection(NestedProjects) = preSolution
		{B5BF57A8-89C5-43D9-A110-4485B365C58E} = {D73C6515-6802-4B42-86AD-EF4D7C4A960E}
		{917951A5-74F9-4026-A879-EF016B8EE445} = {D73C6515-6802-4B42-86AD-EF4D7C4A960E}
		{56B20E91-2FD4-4BC9-B038-6F651CF744BF} = {D73C6515-6802-4B42-86AD-EF4D7C4A960E}
		{C99600F3-4215-4803-B058-851CF5B623D0} = {6BF2A794-929E-42DD-AD69-6A57F0076714}
		{F8C988DC-0BEA-461B-908E-C14C5247E5E2} = {6BF2A794-929E-42DD-AD69-6A57F0076714}
		{EAD45698-C2F6-44D6-B55D-0A38F44A66BC} = {6BF2A794-929E-42DD-AD69-6A57F0076714}
		{F3CF90BA-FE0F-4C5A-A6E5-34BEF61FA370} = {78BC6EAA-3F8B-4A4B-8D93-58FB62C7A028}
		{40D0EDE3-83F8-46AC-B9B6-D69B50999FB9} = {78BC6EAA-3F8B-4A4B-8D93-58FB62C7A028}
		{E85399E0-41B4-4DE4-91F7-9CF01631A1E1} = {78BC6EAA-3F8B-4A4B-8D93-58FB62C7A028}
		{67C9D0A6-49ED-4B85-9468-B1A321EA9293} = {1A06582B-24E3-4056-B102-EDA0AB84C25E}
		{2CFE4F2F-D956-4F77-83EC-584F1AE74E56} = {1A06582B-24E3-4056-B102-EDA0AB84C25E}
		{68BBE0C0-A09F-4CAE-AE55-156853606743} = {1A06582B-24E3-4056-B102-EDA0AB84C25E}
		{E261E95C-6DB2-4499-8AE1-D9077D18C61C} = {739F7E9D-76EC-4FF6-93B7-24C743770994}
		{E84EED56-1850-439F-966A-6F289950B32B} = {739F7E9D-76EC-4FF6-93B7-24C743770994}
		{046A24D1-05AB-44EA-918B-953EFA7540BB} = {739F7E9D-76EC-4FF6-93B7-24C743770994}
		{59A4650B-3157-49EF-90E1-8BEAD861E664} = {92DDA047-828B-47A7-9861-5A33E13D01A2}
		{4F445713-A9E7-46BD-906E-2E71EA6DF872} = {92DDA047-828B-47A7-9861-5A33E13D01A2}
		{DA3D6442-7F8C-47B0-911F-EFABF9DB6780} = {92DDA047-828B-47A7-9861-5A33E13D01A2}
		{3E61BABB-5943-4536-B972-5FF3C6A711CB} = {71956540-8C81-4DD8-91DB-468E93B0D821}
		{9AEDA1A7-9D1B-41B6-9A99-126781B44650} = {71956540-8C81-4DD8-91DB-468E93B0D821}
		{2FF3DE6F-59DD-4DF6-BE0A-C5C64FBC4232} = {71956540-8C81-4DD8-91DB-468E93B0D821}
		{C2EE088E-0397-4783-A849-92B7A8A6C541} = {A8C684D7-BEAD-40D6-B1D1-BFDEACD73061}
		{B1E3B916-3343-48D6-8D65-2AB889DF44BD} = {A8C684D7-BEAD-40D6-B1D1-BFDEACD73061}
		{56146818-786B-4756-8FA6-C6B0F8D54235} = {A8C684D7-BEAD-40D6-B1D1-BFDEACD73061}
	EndGlobalSection
	GlobalSection(ExtensibilityGlobals) = postSolution
		SolutionGuid = {3BABB2EA-1A0D-4693-A398-34E13A8A379A}
	EndGlobalSection
EndGlobal
